{
  "name": "BACK-FRONT",
  "lockfileVersion": 3,
  "requires": true,
  "packages": {
    "": {
      "dependencies": {
        "@prisma/client": "^5.16.1"
      }
    },
    "node_modules/@prisma/client": {
      "version": "5.16.1",
      "resolved": "https://registry.npmjs.org/@prisma/client/-/client-5.16.1.tgz",
      "integrity": "sha512-wM9SKQjF0qLxdnOZIVAIMKiz6Hu7vDt4FFAih85K1dk/Rr2mdahy6d3QP41K62N9O0DJJA//gUDA3Mp49xsKIg==",
      "hasInstallScript": true,
      "engines": {
        "node": ">=16.13"
      },
      "peerDependencies": {
        "prisma": "*"
      },
      "peerDependenciesMeta": {
        "prisma": {
          "optional": true
        }
      }
    }
  }
}
